
Microsoft Visual Studio Solution File, Format Version 12.00
# Visual Studio 15
VisualStudioVersion = 15.0.27703.2047
MinimumVisualStudioVersion = 10.0.40219.1
Project("{FAE04EC0-301F-11D3-BF4B-00C04F79EFBC}") = "鼠标点击速度测试", "鼠标点击速度测试\鼠标点击速度测试.csproj", "{D97414C0-6B78-46E3-9C85-BFDFD70771BD}"
EndProject
Global
	GlobalSection(SolutionConfigurationPlatforms) = preSolution
		Debug|Any CPU = Debug|Any CPU
		Release|Any CPU = Release|Any CPU
	EndGlobalSection
	GlobalSection(ProjectConfigurationPlatforms) = postSolution
		{D97414C0-6B78-46E3-9C85-BFDFD70771BD}.Debug|Any CPU.ActiveCfg = Debug|Any CPU
		{D97414C0-6B78-46E3-9C85-BFDFD70771BD}.Debug|Any CPU.Build.0 = Debug|Any CPU
		{D97414C0-6B78-46E3-9C85-BFDFD70771BD}.Release|Any CPU.ActiveCfg = Release|Any CPU
		{D97414C0-6B78-46E3-9C85-BFDFD70771BD}.Release|Any CPU.Build.0 = Release|Any CPU
	EndGlobalSection
	GlobalSection(SolutionProperties) = preSolution
		HideSolutionNode = FALSE
	EndGlobalSection
	GlobalSection(ExtensibilityGlobals) = postSolution
		SolutionGuid = {95CCEE35-C761-4DD1-BEA8-BDC5BD0E3A4B}
	EndGlobalSection
EndGlobal
